
Microsoft Visual Studio Solution File, Format Version 12.00
Project("{FAE04EC0-301F-11D3-BF4B-00C04F79EFBC}") = "CSharpDemonstration", "CSharpDemonstration\CSharpDemonstration.csproj", "{045430E1-D3B1-42CB-98A1-F1F87C3440F3}"
EndProject
Global
	GlobalSection(SolutionConfigurationPlatforms) = preSolution
		Debug|Any CPU = Debug|Any CPU
		Release|Any CPU = Release|Any CPU
	EndGlobalSection
	GlobalSection(ProjectConfigurationPlatforms) = postSolution
		{045430E1-D3B1-42CB-98A1-F1F87C3440F3}.Debug|Any CPU.ActiveCfg = Debug|Any CPU
		{045430E1-D3B1-42CB-98A1-F1F87C3440F3}.Debug|Any CPU.Build.0 = Debug|Any CPU
		{045430E1-D3B1-42CB-98A1-F1F87C3440F3}.Release|Any CPU.ActiveCfg = Release|Any CPU
		{045430E1-D3B1-42CB-98A1-F1F87C3440F3}.Release|Any CPU.Build.0 = Release|Any CPU
	EndGlobalSection
EndGlobal
